lockfileVersion: '6.0'

settings:
  autoInstallPeers: true
  excludeLinksFromLockfile: false

devDependencies:
  three:
    specifier: ^0.124.0
    version: 0.124.0

packages:

  /three@0.124.0:
    resolution: {integrity: sha512-ROXp1Ly7YyF+jC910DQyAWj++Qlw2lQv0qwYLNQwdDbjk4bsOXAfGO92wYTMPNei1GMJUmCxSxc3MjGBTS09Rg==}
    dev: true
