lockfileVersion: '6.1'

settings:
  autoInstallPeers: true
  excludeLinksFromLockfile: false

devDependencies:
  '@types/stats.js':
    specifier: ^0.17.3
    version: 0.17.3
  '@types/three':
    specifier: ^0.158.3
    version: 0.158.3
  stats.js:
    specifier: ^0.17.0
    version: 0.17.0
  tslib:
    specifier: ^2.6.2
    version: 2.6.2

packages:

  /@types/stats.js@0.17.3:
    resolution: {integrity: sha512-pXNfAD3KHOdif9EQXZ9deK82HVNaXP5ZIF5RP2QG6OQFNTaY2YIetfrE9t528vEreGQvEPRDDc8muaoYeK0SxQ==}
    dev: true

  /@types/three@0.158.3:
    resolution: {integrity: sha512-6Qs1rUvLSbkJ4hlIe6/rdwIf61j1x2UKvGJg7s8KjswYsz1C1qDTs6voVXXB8kYaI0hgklgZgbZUupfL1l9xdA==}
    dependencies:
      '@types/stats.js': 0.17.3
      '@types/webxr': 0.5.10
      fflate: 0.6.10
      meshoptimizer: 0.18.1
    dev: true

  /@types/webxr@0.5.10:
    resolution: {integrity: sha512-n3u5sqXQJhf1CS68mw3Wf16FQ4cRPNBBwdYLFzq3UddiADOim1Pn3Y6PBdDilz1vOJF3ybLxJ8ZEDlLIzrOQZg==}
    dev: true

  /fflate@0.6.10:
    resolution: {integrity: sha512-IQrh3lEPM93wVCEczc9SaAOvkmcoQn/G8Bo1e8ZPlY3X3bnAxWaBdvTdvM1hP62iZp0BXWDy4vTAy4fF0+Dlpg==}
    dev: true

  /meshoptimizer@0.18.1:
    resolution: {integrity: sha512-ZhoIoL7TNV4s5B6+rx5mC//fw8/POGyNxS/DZyCJeiZ12ScLfVwRE/GfsxwiTkMYYD5DmK2/JXnEVXqL4rF+Sw==}
    dev: true

  /stats.js@0.17.0:
    resolution: {integrity: sha1-scPcRtlEmLV4t/05hbgaznExzH0=}
    dev: true

  /tslib@2.6.2:
    resolution: {integrity: sha512-AEYxH93jGFPn/a2iVAwW87VuUIkR1FVUKB77NwMF7nBTDkDrrT/Hpt/IrCJ0QXhW27jTBDcf5ZY7w6RiqTMw2Q==}
    dev: true
